github.com/AstromechZA/pbars v1.0.0 h1:oT/BaewAombsbqXrBHPG6IgbPFIMQySW/lNVZO1vE90=
github.com/AstromechZA/pbars v1.0.0/go.mod h1:QMjfddb3+bsUYR1d4Lf/qQgX60+9QZe6sOXozTd1JE4=
github.com/btm6084/utilities v0.0.0-20190529235035-fe7e1ca43bd8 h1:uIDa21nIWs4GM1kEPwtMmEzcadMAbFXp8Of3XLfZ2Jc=
github.com/btm6084/utilities v0.0.0-20190529235035-fe7e1ca43bd8/go.mod h1:58q3pePNHMORCCobfGtDG0ODC6InzjEVNHvfUTn4U+8=
github.com/davecgh/go-spew v1.1.0/go.mod h1:J7Y8YcW2NihsgmVo/mv3lAwl/skON4iLHjSsI+c5H38=
github.com/davecgh/go-spew v1.1.1/go.mod h1:J7Y8YcW2NihsgmVo/mv3lAwl/skON4iLHjSsI+c5H38=
github.com/pmezard/go-difflib v1.0.0/go.mod h1:iKH77koFhYxTK1pcRnkKkqfTogsbg7gZNVY4sRDYZ/4=
github.com/stretchr/objx v0.1.0/go.mod h1:HFkY916IF+rwdDfMAkV7OtwuqBVzrE8GR6GFx+wExME=
github.com/stretchr/objx v0.2.0/go.mod h1:qt09Ya8vawLte6SNmTgCsAVtYtaKzEcn8ATUoHMkEqE=
github.com/stretchr/testify v1.3.0/go.mod h1:M5WIy9Dh21IEIfnGCwXGc5bZfKNJtfHm1UVUgZn+9EI=
gopkg.in/go-playground/assert.v1 v1.2.1/go.mod h1:9RXL0bg/zibRAgZUYszZSwO/z8Y/a8bDuhia5mkpMnE=
